
Microsoft Visual Studio Solution File, Format Version 12.00
# Visual Studio Version 17
VisualStudioVersion = 17.9.34728.123
MinimumVisualStudioVersion = 10.0.40219.1
Project("{9A19103F-16F7-4668-BE54-9A1E7A4F7556}") = "Ceres.SourceGenerator", "Ceres.SourceGenerator\Ceres.SourceGenerator.csproj", "{37CBF8EE-990C-4253-AE32-DA08D3F2D680}"
EndProject
Global
	GlobalSection(SolutionConfigurationPlatforms) = preSolution
		Debug|Any CPU = Debug|Any CPU
		Release|Any CPU = Release|Any CPU
	EndGlobalSection
	GlobalSection(ProjectConfigurationPlatforms) = postSolution
		{37CBF8EE-990C-4253-AE32-DA08D3F2D680}.Debug|Any CPU.ActiveCfg = Debug|Any CPU
		{37CBF8EE-990C-4253-AE32-DA08D3F2D680}.Debug|Any CPU.Build.0 = Debug|Any CPU
		{37CBF8EE-990C-4253-AE32-DA08D3F2D680}.Release|Any CPU.ActiveCfg = Release|Any CPU
		{37CBF8EE-990C-4253-AE32-DA08D3F2D680}.Release|Any CPU.Build.0 = Release|Any CPU
	EndGlobalSection
	GlobalSection(SolutionProperties) = preSolution
		HideSolutionNode = FALSE
	EndGlobalSection
	GlobalSection(ExtensibilityGlobals) = postSolution
		SolutionGuid = {C2F6DB41-265D-4291-9780-82422437E152}
	EndGlobalSection
EndGlobal
